# Pinned lockfile for Reliab (Item 35)
pydantic==2.12.5
pydantic_core==2.41.5
fastapi==0.139.2
starlette==1.3.1
uvicorn==0.51.0
SQLAlchemy==2.0.25
alembic==1.13.1
httpx==0.28.1
httpcore==1.0.9
python-dotenv==1.0.0
numpy==1.24.3
scikit-learn==1.3.2
pytest==7.4.3
pytest-asyncio==0.21.0
pytest-cov==4.0.0
